
Microsoft Visual Studio Solution File, Format Version 12.00
# Visual Studio Version 17
VisualStudioVersion = 17.8.34330.188
MinimumVisualStudioVersion = 10.0.40219.1
Project("{FAE04EC0-301F-11D3-BF4B-00C04F79EFBC}") = "Öğrenci kayıt uygulaması", "Öğrenci kayıt uygulaması\Öğrenci kayıt uygulaması.csproj", "{065BFA65-C860-4A42-A969-C2BDCD89F416}"
EndProject
Global
	GlobalSection(SolutionConfigurationPlatforms) = preSolution
		Debug|Any CPU = Debug|Any CPU
		Release|Any CPU = Release|Any CPU
	EndGlobalSection
	GlobalSection(ProjectConfigurationPlatforms) = postSolution
		{065BFA65-C860-4A42-A969-C2BDCD89F416}.Debug|Any CPU.ActiveCfg = Debug|Any CPU
		{065BFA65-C860-4A42-A969-C2BDCD89F416}.Debug|Any CPU.Build.0 = Debug|Any CPU
		{065BFA65-C860-4A42-A969-C2BDCD89F416}.Release|Any CPU.ActiveCfg = Release|Any CPU
		{065BFA65-C860-4A42-A969-C2BDCD89F416}.Release|Any CPU.Build.0 = Release|Any CPU
	EndGlobalSection
	GlobalSection(SolutionProperties) = preSolution
		HideSolutionNode = FALSE
	EndGlobalSection
	GlobalSection(ExtensibilityGlobals) = postSolution
		SolutionGuid = {42388D3E-EFFE-46F9-A483-7864999D3C81}
	EndGlobalSection
EndGlobal
